
Microsoft Visual Studio Solution File, Format Version 12.00
# Visual Studio Version 17
VisualStudioVersion = 17.0.31903.59
MinimumVisualStudioVersion = 10.0.40219.1
Project("{2150E333-8FDC-42A3-9474-1A3956D46DE8}") = "src", "src", "{1C3C3176-996A-4D55-B53F-D60EA110692E}"
EndProject
Project("{FAE04EC0-301F-11D3-BF4B-00C04F79EFBC}") = "StarAI.PracticeClient.Core", "src\StarAI.PracticeClient.Core\StarAI.PracticeClient.Core.csproj", "{6B98716E-EBB7-4E66-A556-2127B23BBF96}"
EndProject
Project("{2150E333-8FDC-42A3-9474-1A3956D46DE8}") = "tests", "tests", "{773A7928-010F-461C-8A7C-13723CEAFCF7}"
EndProject
Project("{FAE04EC0-301F-11D3-BF4B-00C04F79EFBC}") = "StarAI.PracticeClient.Tests", "tests\StarAI.PracticeClient.Tests\StarAI.PracticeClient.Tests.csproj", "{90638BBE-7267-41BD-9119-724EC0144CA5}"
EndProject
Project("{FAE04EC0-301F-11D3-BF4B-00C04F79EFBC}") = "StarAI.PracticeClient.App", "src\StarAI.PracticeClient.App\StarAI.PracticeClient.App.csproj", "{C427B1AF-D4E4-4DA2-8A42-F38F81BBEA69}"
EndProject
Global
	GlobalSection(SolutionConfigurationPlatforms) = preSolution
		Debug|Any CPU = Debug|Any CPU
		Release|Any CPU = Release|Any CPU
	EndGlobalSection
	GlobalSection(SolutionProperties) = preSolution
		HideSolutionNode = FALSE
	EndGlobalSection
	GlobalSection(ProjectConfigurationPlatforms) = postSolution
		{6B98716E-EBB7-4E66-A556-2127B23BBF96}.Debug|Any CPU.ActiveCfg = Debug|Any CPU
		{6B98716E-EBB7-4E66-A556-2127B23BBF96}.Debug|Any CPU.Build.0 = Debug|Any CPU
		{6B98716E-EBB7-4E66-A556-2127B23BBF96}.Release|Any CPU.ActiveCfg = Release|Any CPU
		{6B98716E-EBB7-4E66-A556-2127B23BBF96}.Release|Any CPU.Build.0 = Release|Any CPU
		{90638BBE-7267-41BD-9119-724EC0144CA5}.Debug|Any CPU.ActiveCfg = Debug|Any CPU
		{90638BBE-7267-41BD-9119-724EC0144CA5}.Debug|Any CPU.Build.0 = Debug|Any CPU
		{90638BBE-7267-41BD-9119-724EC0144CA5}.Release|Any CPU.ActiveCfg = Release|Any CPU
		{90638BBE-7267-41BD-9119-724EC0144CA5}.Release|Any CPU.Build.0 = Release|Any CPU
		{C427B1AF-D4E4-4DA2-8A42-F38F81BBEA69}.Debug|Any CPU.ActiveCfg = Debug|Any CPU
		{C427B1AF-D4E4-4DA2-8A42-F38F81BBEA69}.Debug|Any CPU.Build.0 = Debug|Any CPU
		{C427B1AF-D4E4-4DA2-8A42-F38F81BBEA69}.Release|Any CPU.ActiveCfg = Release|Any CPU
		{C427B1AF-D4E4-4DA2-8A42-F38F81BBEA69}.Release|Any CPU.Build.0 = Release|Any CPU
	EndGlobalSection
	GlobalSection(NestedProjects) = preSolution
		{6B98716E-EBB7-4E66-A556-2127B23BBF96} = {1C3C3176-996A-4D55-B53F-D60EA110692E}
		{90638BBE-7267-41BD-9119-724EC0144CA5} = {773A7928-010F-461C-8A7C-13723CEAFCF7}
		{C427B1AF-D4E4-4DA2-8A42-F38F81BBEA69} = {1C3C3176-996A-4D55-B53F-D60EA110692E}
	EndGlobalSection
EndGlobal
